
Microsoft Visual Studio Solution File, Format Version 12.00
# Visual Studio Version 17
VisualStudioVersion = 17.7.34202.233
MinimumVisualStudioVersion = 10.0.40219.1
Project("{FAE04EC0-301F-11D3-BF4B-00C04F79EFBC}") = "WebApiWithEF", "WebApiWithEF.csproj", "{CFEC512A-66B8-4AEA-8D7B-C99577DB7691}"
EndProject
Global
	GlobalSection(SolutionConfigurationPlatforms) = preSolution
		Debug|Any CPU = Debug|Any CPU
		Release|Any CPU = Release|Any CPU
	EndGlobalSection
	GlobalSection(ProjectConfigurationPlatforms) = postSolution
		{CFEC512A-66B8-4AEA-8D7B-C99577DB7691}.Debug|Any CPU.ActiveCfg = Debug|Any CPU
		{CFEC512A-66B8-4AEA-8D7B-C99577DB7691}.Debug|Any CPU.Build.0 = Debug|Any CPU
		{CFEC512A-66B8-4AEA-8D7B-C99577DB7691}.Release|Any CPU.ActiveCfg = Release|Any CPU
		{CFEC512A-66B8-4AEA-8D7B-C99577DB7691}.Release|Any CPU.Build.0 = Release|Any CPU
	EndGlobalSection
	GlobalSection(SolutionProperties) = preSolution
		HideSolutionNode = FALSE
	EndGlobalSection
	GlobalSection(ExtensibilityGlobals) = postSolution
		SolutionGuid = {C7663E09-2578-4704-9258-5C63D9F2C076}
	EndGlobalSection
EndGlobal
