
Microsoft Visual Studio Solution File, Format Version 12.00
# Visual Studio Version 17
VisualStudioVersion = 17.7.34202.233
MinimumVisualStudioVersion = 10.0.40219.1
Project("{FAE04EC0-301F-11D3-BF4B-00C04F79EFBC}") = "Threadingexamples", "Threadingexamples\Threadingexamples.csproj", "{F6E4BD3E-F232-4D9C-B150-D772A580F808}"
EndProject
Global
	GlobalSection(SolutionConfigurationPlatforms) = preSolution
		Debug|Any CPU = Debug|Any CPU
		Release|Any CPU = Release|Any CPU
	EndGlobalSection
	GlobalSection(ProjectConfigurationPlatforms) = postSolution
		{F6E4BD3E-F232-4D9C-B150-D772A580F808}.Debug|Any CPU.ActiveCfg = Debug|Any CPU
		{F6E4BD3E-F232-4D9C-B150-D772A580F808}.Debug|Any CPU.Build.0 = Debug|Any CPU
		{F6E4BD3E-F232-4D9C-B150-D772A580F808}.Release|Any CPU.ActiveCfg = Release|Any CPU
		{F6E4BD3E-F232-4D9C-B150-D772A580F808}.Release|Any CPU.Build.0 = Release|Any CPU
	EndGlobalSection
	GlobalSection(SolutionProperties) = preSolution
		HideSolutionNode = FALSE
	EndGlobalSection
	GlobalSection(ExtensibilityGlobals) = postSolution
		SolutionGuid = {3BAE56B4-57CA-495B-9040-65CAA1699BC4}
	EndGlobalSection
EndGlobal
