
Microsoft Visual Studio Solution File, Format Version 12.00
# Visual Studio Version 17
VisualStudioVersion = 17.7.34202.233
MinimumVisualStudioVersion = 10.0.40219.1
Project("{FAE04EC0-301F-11D3-BF4B-00C04F79EFBC}") = "WebApplication1", "WebApplication1.csproj", "{3ED7DD1C-7788-4F91-9E58-6B45137996AD}"
EndProject
Global
	GlobalSection(SolutionConfigurationPlatforms) = preSolution
		Debug|Any CPU = Debug|Any CPU
		Release|Any CPU = Release|Any CPU
	EndGlobalSection
	GlobalSection(ProjectConfigurationPlatforms) = postSolution
		{3ED7DD1C-7788-4F91-9E58-6B45137996AD}.Debug|Any CPU.ActiveCfg = Debug|Any CPU
		{3ED7DD1C-7788-4F91-9E58-6B45137996AD}.Debug|Any CPU.Build.0 = Debug|Any CPU
		{3ED7DD1C-7788-4F91-9E58-6B45137996AD}.Release|Any CPU.ActiveCfg = Release|Any CPU
		{3ED7DD1C-7788-4F91-9E58-6B45137996AD}.Release|Any CPU.Build.0 = Release|Any CPU
	EndGlobalSection
	GlobalSection(SolutionProperties) = preSolution
		HideSolutionNode = FALSE
	EndGlobalSection
	GlobalSection(ExtensibilityGlobals) = postSolution
		SolutionGuid = {5DE7D99C-FB51-4607-98DC-BE084D035CCA}
	EndGlobalSection
EndGlobal
