
Microsoft Visual Studio Solution File, Format Version 12.00
# Visual Studio Version 17
VisualStudioVersion = 17.7.34202.233
MinimumVisualStudioVersion = 10.0.40219.1
Project("{FAE04EC0-301F-11D3-BF4B-00C04F79EFBC}") = "Interface", "Interface\Interface.csproj", "{2085D89C-59BE-4815-99E3-D6265F7C1B24}"
EndProject
Project("{FAE04EC0-301F-11D3-BF4B-00C04F79EFBC}") = "DefaultImplementationofInterfaces", "DefaultImplementationofInterfaces\DefaultImplementationofInterfaces.csproj", "{28E5C131-9B80-429D-B8F1-038560E359D9}"
EndProject
Project("{FAE04EC0-301F-11D3-BF4B-00C04F79EFBC}") = "ToDo_Employee_Abstract", "ToDo_Employee_Abstract\ToDo_Employee_Abstract.csproj", "{0A60CF17-B3EC-441E-AA7A-88DD0DA31BDF}"
EndProject
Global
	GlobalSection(SolutionConfigurationPlatforms) = preSolution
		Debug|Any CPU = Debug|Any CPU
		Release|Any CPU = Release|Any CPU
	EndGlobalSection
	GlobalSection(ProjectConfigurationPlatforms) = postSolution
		{2085D89C-59BE-4815-99E3-D6265F7C1B24}.Debug|Any CPU.ActiveCfg = Debug|Any CPU
		{2085D89C-59BE-4815-99E3-D6265F7C1B24}.Debug|Any CPU.Build.0 = Debug|Any CPU
		{2085D89C-59BE-4815-99E3-D6265F7C1B24}.Release|Any CPU.ActiveCfg = Release|Any CPU
		{2085D89C-59BE-4815-99E3-D6265F7C1B24}.Release|Any CPU.Build.0 = Release|Any CPU
		{28E5C131-9B80-429D-B8F1-038560E359D9}.Debug|Any CPU.ActiveCfg = Debug|Any CPU
		{28E5C131-9B80-429D-B8F1-038560E359D9}.Debug|Any CPU.Build.0 = Debug|Any CPU
		{28E5C131-9B80-429D-B8F1-038560E359D9}.Release|Any CPU.ActiveCfg = Release|Any CPU
		{28E5C131-9B80-429D-B8F1-038560E359D9}.Release|Any CPU.Build.0 = Release|Any CPU
		{0A60CF17-B3EC-441E-AA7A-88DD0DA31BDF}.Debug|Any CPU.ActiveCfg = Debug|Any CPU
		{0A60CF17-B3EC-441E-AA7A-88DD0DA31BDF}.Debug|Any CPU.Build.0 = Debug|Any CPU
		{0A60CF17-B3EC-441E-AA7A-88DD0DA31BDF}.Release|Any CPU.ActiveCfg = Release|Any CPU
		{0A60CF17-B3EC-441E-AA7A-88DD0DA31BDF}.Release|Any CPU.Build.0 = Release|Any CPU
	EndGlobalSection
	GlobalSection(SolutionProperties) = preSolution
		HideSolutionNode = FALSE
	EndGlobalSection
	GlobalSection(ExtensibilityGlobals) = postSolution
		SolutionGuid = {202430AB-4E75-4B1B-BF4C-8C044282C13C}
	EndGlobalSection
EndGlobal
